
Microsoft Visual Studio Solution File, Format Version 12.00
# Visual Studio Version 16
VisualStudioVersion = 16.0.30002.166
MinimumVisualStudioVersion = 10.0.40219.1
Project("{FAE04EC0-301F-11D3-BF4B-00C04F79EFBC}") = "CSharpAdvanceCourse", "CSharpAdvanceCourse\CSharpAdvanceCourse.csproj", "{B8DEAC8E-B523-4C0D-B3D3-9D59DE15C2BD}"
EndProject
Global
	GlobalSection(SolutionConfigurationPlatforms) = preSolution
		Debug|Any CPU = Debug|Any CPU
		Release|Any CPU = Release|Any CPU
	EndGlobalSection
	GlobalSection(ProjectConfigurationPlatforms) = postSolution
		{B8DEAC8E-B523-4C0D-B3D3-9D59DE15C2BD}.Debug|Any CPU.ActiveCfg = Debug|Any CPU
		{B8DEAC8E-B523-4C0D-B3D3-9D59DE15C2BD}.Debug|Any CPU.Build.0 = Debug|Any CPU
		{B8DEAC8E-B523-4C0D-B3D3-9D59DE15C2BD}.Release|Any CPU.ActiveCfg = Release|Any CPU
		{B8DEAC8E-B523-4C0D-B3D3-9D59DE15C2BD}.Release|Any CPU.Build.0 = Release|Any CPU
	EndGlobalSection
	GlobalSection(SolutionProperties) = preSolution
		HideSolutionNode = FALSE
	EndGlobalSection
	GlobalSection(ExtensibilityGlobals) = postSolution
		SolutionGuid = {41944CEC-8E47-44EB-8678-AA81D28778B6}
	EndGlobalSection
EndGlobal
